// !$*UTF8*$!
{
	archiveVersion = 1;
	classes = {
	};
	objectVersion = 77;
	objects = {

/* Begin PBXBuildFile section */
		9864ED592FE3F26E00F0CFFD /* Preview Assets.xcassets in Resources */ = {isa = PBXBuildFile; fileRef = 9864ED532FE3F26E00F0CFFD /* Preview Assets.xcassets */; };
		9864ED5A2FE3F26E00F0CFFD /* Assets.xcassets in Resources */ = {isa = PBXBuildFile; fileRef = 9864ED552FE3F26E00F0CFFD /* Assets.xcassets */; };
		9864ED5B2FE3F26E00F0CFFD /* ContentView.swift in Sources */ = {isa = PBXBuildFile; fileRef = 9864ED562FE3F26E00F0CFFD /* ContentView.swift */; };
		9864ED5C2FE3F26E00F0CFFD /* NeetCodeApp.swift in Sources */ = {isa = PBXBuildFile; fileRef = 9864ED572FE3F26E00F0CFFD /* NeetCodeApp.swift */; };
		9864ED602FE3F4C000F0CFFD /* ContainsDuplicate.swift in Sources */ = {isa = PBXBuildFile; fileRef = 9864ED5F2FE3F4C000F0CFFD /* ContainsDuplicate.swift */; };
		9864ED632FE3FA9D00F0CFFD /* ValidAnagram.swift in Sources */ = {isa = PBXBuildFile; fileRef = 9864ED622FE3FA9D00F0CFFD /* ValidAnagram.swift */; };
		9864ED652FE40A3A00F0CFFD /* TwoSum.swift in Sources */ = {isa = PBXBuildFile; fileRef = 9864ED642FE40A3A00F0CFFD /* TwoSum.swift */; };
		9864ED672FE4193300F0CFFD /* ValidPalindrome.swift in Sources */ = {isa = PBXBuildFile; fileRef = 9864ED662FE4193300F0CFFD /* ValidPalindrome.swift */; };
/* End PBXBuildFile section */

/* Begin PBXFileReference section */
		9864ED412FE3F07600F0CFFD /* NeetCode.app */ = {isa = PBXFileReference; explicitFileType = wrapper.application; includeInIndex = 0; path = NeetCode.app; sourceTree = BUILT_PRODUCTS_DIR; };
		9864ED532FE3F26E00F0CFFD /* Preview Assets.xcassets */ = {isa = PBXFileReference; lastKnownFileType = folder.assetcatalog; path = "Preview Assets.xcassets"; sourceTree = "<group>"; };
		9864ED552FE3F26E00F0CFFD /* Assets.xcassets */ = {isa = PBXFileReference; lastKnownFileType = folder.assetcatalog; path = Assets.xcassets; sourceTree = "<group>"; };
		9864ED562FE3F26E00F0CFFD /* ContentView.swift */ = {isa = PBXFileReference; lastKnownFileType = sourcecode.swift; path = ContentView.swift; sourceTree = "<group>"; };
		9864ED572FE3F26E00F0CFFD /* NeetCodeApp.swift */ = {isa = PBXFileReference; lastKnownFileType = sourcecode.swift; path = NeetCodeApp.swift; sourceTree = "<group>"; };
		9864ED5F2FE3F4C000F0CFFD /* ContainsDuplicate.swift */ = {isa = PBXFileReference; lastKnownFileType = sourcecode.swift; path = ContainsDuplicate.swift; sourceTree = "<group>"; };
		9864ED622FE3FA9D00F0CFFD /* ValidAnagram.swift */ = {isa = PBXFileReference; lastKnownFileType = sourcecode.swift; path = ValidAnagram.swift; sourceTree = "<group>"; };
		9864ED642FE40A3A00F0CFFD /* TwoSum.swift */ = {isa = PBXFileReference; lastKnownFileType = sourcecode.swift; path = TwoSum.swift; sourceTree = "<group>"; };
		9864ED662FE4193300F0CFFD /* ValidPalindrome.swift */ = {isa = PBXFileReference; lastKnownFileType = sourcecode.swift; path = ValidPalindrome.swift; sourceTree = "<group>"; };
/* End PBXFileReference section */

/* Begin PBXFrameworksBuildPhase section */
		9864ED3E2FE3F07600F0CFFD /* Frameworks */ = {
			isa = PBXFrameworksBuildPhase;
			buildActionMask = 2147483647;
			files = (
			);
			runOnlyForDeploymentPostprocessing = 0;
		};
/* End PBXFrameworksBuildPhase section */

/* Begin PBXGroup section */
		9864ED382FE3F07600F0CFFD = {
			isa = PBXGroup;
			children = (
				9864ED582FE3F26E00F0CFFD /* NeetCode */,
				9864ED422FE3F07600F0CFFD /* Products */,
			);
			sourceTree = "<group>";
		};
		9864ED422FE3F07600F0CFFD /* Products */ = {
			isa = PBXGroup;
			children = (
				9864ED412FE3F07600F0CFFD /* NeetCode.app */,
			);
			name = Products;
			sourceTree = "<group>";
		};
		9864ED542FE3F26E00F0CFFD /* Preview Content */ = {
			isa = PBXGroup;
			children = (
				9864ED532FE3F26E00F0CFFD /* Preview Assets.xcassets */,
			);
			path = "Preview Content";
			sourceTree = "<group>";
		};
		9864ED582FE3F26E00F0CFFD /* NeetCode */ = {
			isa = PBXGroup;
			children = (
				9864ED5D2FE3F27A00F0CFFD /* NeetCode */,
				9864ED542FE3F26E00F0CFFD /* Preview Content */,
				9864ED552FE3F26E00F0CFFD /* Assets.xcassets */,
				9864ED562FE3F26E00F0CFFD /* ContentView.swift */,
				9864ED572FE3F26E00F0CFFD /* NeetCodeApp.swift */,
			);
			path = NeetCode;
			sourceTree = "<group>";
		};
		9864ED5D2FE3F27A00F0CFFD /* NeetCode */ = {
			isa = PBXGroup;
			children = (
				9864ED722FE4A4CF00F0CFFD /* ValidPalindrome */,
				9864ED642FE40A3A00F0CFFD /* TwoSum.swift */,
				9864ED5F2FE3F4C000F0CFFD /* ContainsDuplicate.swift */,
				9864ED622FE3FA9D00F0CFFD /* ValidAnagram.swift */,
			);
			path = NeetCode;
			sourceTree = "<group>";
		};
		9864ED722FE4A4CF00F0CFFD /* ValidPalindrome */ = {
			isa = PBXGroup;
			children = (
				9864ED662FE4193300F0CFFD /* ValidPalindrome.swift */,
			);
			path = ValidPalindrome;
			sourceTree = "<group>";
		};
/* End PBXGroup section */

/* Begin PBXNativeTarget section */
		9864ED402FE3F07600F0CFFD /* NeetCode */ = {
			isa = PBXNativeTarget;
			buildConfigurationList = 9864ED4F2FE3F07700F0CFFD /* Build configuration list for PBXNativeTarget "NeetCode" */;
			buildPhases = (
				9864ED3D2FE3F07600F0CFFD /* Sources */,
				9864ED3E2FE3F07600F0CFFD /* Frameworks */,
				9864ED3F2FE3F07600F0CFFD /* Resources */,
			);
			buildRules = (
			);
			dependencies = (
			);
			name = NeetCode;
			packageProductDependencies = (
			);
			productName = NeetCode;
			productReference = 9864ED412FE3F07600F0CFFD /* NeetCode.app */;
			productType = "com.apple.product-type.application";
		};
/* End PBXNativeTarget section */

/* Begin PBXProject section */
		9864ED392FE3F07600F0CFFD /* Project object */ = {
			isa = PBXProject;
			attributes = {
				BuildIndependentTargetsInParallel = 1;
				LastSwiftUpdateCheck = 1610;
				LastUpgradeCheck = 1610;
				TargetAttributes = {
					9864ED402FE3F07600F0CFFD = {
						CreatedOnToolsVersion = 16.1;
					};
				};
			};
			buildConfigurationList = 9864ED3C2FE3F07600F0CFFD /* Build configuration list for PBXProject "NeetCode" */;
			developmentRegion = en;
			hasScannedForEncodings = 0;
			knownRegions = (
				en,
				Base,
			);
			mainGroup = 9864ED382FE3F07600F0CFFD;
			minimizedProjectReferenceProxies = 1;
			preferredProjectObjectVersion = 77;
			productRefGroup = 9864ED422FE3F07600F0CFFD /* Products */;
			projectDirPath = "";
			projectRoot = "";
			targets = (
				9864ED402FE3F07600F0CFFD /* NeetCode */,
			);
		};
/* End PBXProject section */

/* Begin PBXResourcesBuildPhase section */
		9864ED3F2FE3F07600F0CFFD /* Resources */ = {
			isa = PBXResourcesBuildPhase;
			buildActionMask = 2147483647;
			files = (
				9864ED592FE3F26E00F0CFFD /* Preview Assets.xcassets in Resources */,
				9864ED5A2FE3F26E00F0CFFD /* Assets.xcassets in Resources */,
			);
			runOnlyForDeploymentPostprocessing = 0;
		};
/* End PBXResourcesBuildPhase section */

/* Begin PBXSourcesBuildPhase section */
		9864ED3D2FE3F07600F0CFFD /* Sources */ = {
			isa = PBXSourcesBuildPhase;
			buildActionMask = 2147483647;
			files = (
				9864ED652FE40A3A00F0CFFD /* TwoSum.swift in Sources */,
				9864ED632FE3FA9D00F0CFFD /* ValidAnagram.swift in Sources */,
				9864ED602FE3F4C000F0CFFD /* ContainsDuplicate.swift in Sources */,
				9864ED672FE4193300F0CFFD /* ValidPalindrome.swift in Sources */,
				9864ED5B2FE3F26E00F0CFFD /* ContentView.swift in Sources */,
				9864ED5C2FE3F26E00F0CFFD /* NeetCodeApp.swift in Sources */,
			);
			runOnlyForDeploymentPostprocessing = 0;
		};
/* End PBXSourcesBuildPhase section */

/* Begin XCBuildConfiguration section */
		9864ED4D2FE3F07700F0CFFD /* Debug */ = {
			isa = XCBuildConfiguration;
			buildSettings = {
				ALWAYS_SEARCH_USER_PATHS = NO;
				ASSETCATALOG_COMPILER_GENERATE_SWIFT_ASSET_SYMBOL_EXTENSIONS = YES;
				CLANG_ANALYZER_NONNULL = YES;
				CLANG_ANALYZER_NUMBER_OBJECT_CONVERSION = YES_AGGRESSIVE;
				CLANG_CXX_LANGUAGE_STANDARD = "gnu++20";
				CLANG_ENABLE_MODULES = YES;
				CLANG_ENABLE_OBJC_ARC = YES;
				CLANG_ENABLE_OBJC_WEAK = YES;
				CLANG_WARN_BLOCK_CAPTURE_AUTORELEASING = YES;
				CLANG_WARN_BOOL_CONVERSION = YES;
				CLANG_WARN_COMMA = YES;
				CLANG_WARN_CONSTANT_CONVERSION = YES;
				CLANG_WARN_DEPRECATED_OBJC_IMPLEMENTATIONS = YES;
				CLANG_WARN_DIRECT_OBJC_ISA_USAGE = YES_ERROR;
				CLANG_WARN_DOCUMENTATION_COMMENTS = YES;
				CLANG_WARN_EMPTY_BODY = YES;
				CLANG_WARN_ENUM_CONVERSION = YES;
				CLANG_WARN_INFINITE_RECURSION = YES;
				CLANG_WARN_INT_CONVERSION = YES;
				CLANG_WARN_NON_LITERAL_NULL_CONVERSION = YES;
				CLANG_WARN_OBJC_IMPLICIT_RETAIN_SELF = YES;
				CLANG_WARN_OBJC_LITERAL_CONVERSION = YES;
				CLANG_WARN_OBJC_ROOT_CLASS = YES_ERROR;
				CLANG_WARN_QUOTED_INCLUDE_IN_FRAMEWORK_HEADER = YES;
				CLANG_WARN_RANGE_LOOP_ANALYSIS = YES;
				CLANG_WARN_STRICT_PROTOTYPES = YES;
				CLANG_WARN_SUSPICIOUS_MOVE = YES;
				CLANG_WARN_UNGUARDED_AVAILABILITY = YES_AGGRESSIVE;
				CLANG_WARN_UNREACHABLE_CODE = YES;
				CLANG_WARN__DUPLICATE_METHOD_MATCH = YES;
				COPY_PHASE_STRIP = NO;
				DEBUG_INFORMATION_FORMAT = dwarf;
				ENABLE_STRICT_OBJC_MSGSEND = YES;
				ENABLE_TESTABILITY = YES;
				ENABLE_USER_SCRIPT_SANDBOXING = YES;
				GCC_C_LANGUAGE_STANDARD = gnu17;
				GCC_DYNAMIC_NO_PIC = NO;
				GCC_NO_COMMON_BLOCKS = YES;
				GCC_OPTIMIZATION_LEVEL = 0;
				GCC_PREPROCESSOR_DEFINITIONS = (
					"DEBUG=1",
					"$(inherited)",
				);
				GCC_WARN_64_TO_32_BIT_CONVERSION = YES;
				GCC_WARN_ABOUT_RETURN_TYPE = YES_ERROR;
				GCC_WARN_UNDECLARED_SELECTOR = YES;
				GCC_WARN_UNINITIALIZED_AUTOS = YES_AGGRESSIVE;
				GCC_WARN_UNUSED_FUNCTION = YES;
				GCC_WARN_UNUSED_VARIABLE = YES;
				IPHONEOS_DEPLOYMENT_TARGET = 18.1;
				LOCALIZATION_PREFERS_STRING_CATALOGS = YES;
				MTL_ENABLE_DEBUG_INFO = INCLUDE_SOURCE;
				MTL_FAST_MATH = YES;
				ONLY_ACTIVE_ARCH = YES;
				SDKROOT = iphoneos;
				SWIFT_ACTIVE_COMPILATION_CONDITIONS = "DEBUG $(inherited)";
				SWIFT_OPTIMIZATION_LEVEL = "-Onone";
			};
			name = Debug;
		};
		9864ED4E2FE3F07700F0CFFD /* Release */ = {
			isa = XCBuildConfiguration;
			buildSettings = {
				ALWAYS_SEARCH_USER_PATHS = NO;
				ASSETCATALOG_COMPILER_GENERATE_SWIFT_ASSET_SYMBOL_EXTENSIONS = YES;
				CLANG_ANALYZER_NONNULL = YES;
				CLANG_ANALYZER_NUMBER_OBJECT_CONVERSION = YES_AGGRESSIVE;
				CLANG_CXX_LANGUAGE_STANDARD = "gnu++20";
				CLANG_ENABLE_MODULES = YES;
				CLANG_ENABLE_OBJC_ARC = YES;
				CLANG_ENABLE_OBJC_WEAK = YES;
				CLANG_WARN_BLOCK_CAPTURE_AUTORELEASING = YES;
				CLANG_WARN_BOOL_CONVERSION = YES;
				CLANG_WARN_COMMA = YES;
				CLANG_WARN_CONSTANT_CONVERSION = YES;
				CLANG_WARN_DEPRECATED_OBJC_IMPLEMENTATIONS = YES;
				CLANG_WARN_DIRECT_OBJC_ISA_USAGE = YES_ERROR;
				CLANG_WARN_DOCUMENTATION_COMMENTS = YES;
				CLANG_WARN_EMPTY_BODY = YES;
				CLANG_WARN_ENUM_CONVERSION = YES;
				CLANG_WARN_INFINITE_RECURSION = YES;
				CLANG_WARN_INT_CONVERSION = YES;
				CLANG_WARN_NON_LITERAL_NULL_CONVERSION = YES;
				CLANG_WARN_OBJC_IMPLICIT_RETAIN_SELF = YES;
				CLANG_WARN_OBJC_LITERAL_CONVERSION = YES;
				CLANG_WARN_OBJC_ROOT_CLASS = YES_ERROR;
				CLANG_WARN_QUOTED_INCLUDE_IN_FRAMEWORK_HEADER = YES;
				CLANG_WARN_RANGE_LOOP_ANALYSIS = YES;
				CLANG_WARN_STRICT_PROTOTYPES = YES;
				CLANG_WARN_SUSPICIOUS_MOVE = YES;
				CLANG_WARN_UNGUARDED_AVAILABILITY = YES_AGGRESSIVE;
				CLANG_WARN_UNREACHABLE_CODE = YES;
				CLANG_WARN__DUPLICATE_METHOD_MATCH = YES;
				COPY_PHASE_STRIP = NO;
				DEBUG_INFORMATION_FORMAT = "dwarf-with-dsym";
				ENABLE_NS_ASSERTIONS = NO;
				ENABLE_STRICT_OBJC_MSGSEND = YES;
				ENABLE_USER_SCRIPT_SANDBOXING = YES;
				GCC_C_LANGUAGE_STANDARD = gnu17;
				GCC_NO_COMMON_BLOCKS = YES;
				GCC_WARN_64_TO_32_BIT_CONVERSION = YES;
				GCC_WARN_ABOUT_RETURN_TYPE = YES_ERROR;
				GCC_WARN_UNDECLARED_SELECTOR = YES;
				GCC_WARN_UNINITIALIZED_AUTOS = YES_AGGRESSIVE;
				GCC_WARN_UNUSED_FUNCTION = YES;
				GCC_WARN_UNUSED_VARIABLE = YES;
				IPHONEOS_DEPLOYMENT_TARGET = 18.1;
				LOCALIZATION_PREFERS_STRING_CATALOGS = YES;
				MTL_ENABLE_DEBUG_INFO = NO;
				MTL_FAST_MATH = YES;
				SDKROOT = iphoneos;
				SWIFT_COMPILATION_MODE = wholemodule;
				VALIDATE_PRODUCT = YES;
			};
			name = Release;
		};
		9864ED502FE3F07700F0CFFD /* Debug */ = {
			isa = XCBuildConfiguration;
			buildSettings = {
				ASSETCATALOG_COMPILER_APPICON_NAME = AppIcon;
				ASSETCATALOG_COMPILER_GLOBAL_ACCENT_COLOR_NAME = AccentColor;
				CODE_SIGN_STYLE = Automatic;
				CURRENT_PROJECT_VERSION = 1;
				DEVELOPMENT_ASSET_PATHS = "\"NeetCode/Preview Content\"";
				ENABLE_PREVIEWS = YES;
				GENERATE_INFOPLIST_FILE = YES;
				INFOPLIST_KEY_UIApplicationSceneManifest_Generation = YES;
				INFOPLIST_KEY_UIApplicationSupportsIndirectInputEvents = YES;
				INFOPLIST_KEY_UILaunchScreen_Generation = YES;
				INFOPLIST_KEY_UISupportedInterfaceOrientations_iPad = "UIInterfaceOrientationPortrait UIInterfaceOrientationPortraitUpsideDown UIInterfaceOrientationLandscapeLeft UIInterfaceOrientationLandscapeRight";
				INFOPLIST_KEY_UISupportedInterfaceOrientations_iPhone = "UIInterfaceOrientationPortrait UIInterfaceOrientationLandscapeLeft UIInterfaceOrientationLandscapeRight";
				LD_RUNPATH_SEARCH_PATHS = (
					"$(inherited)",
					"@executable_path/Frameworks",
				);
				MARKETING_VERSION = 1.0;
				PRODUCT_BUNDLE_IDENTIFIER = com.taichinishimura.NeetCode;
				PRODUCT_NAME = "$(TARGET_NAME)";
				SWIFT_EMIT_LOC_STRINGS = YES;
				SWIFT_VERSION = 5.0;
				TARGETED_DEVICE_FAMILY = "1,2";
			};
			name = Debug;
		};
		9864ED512FE3F07700F0CFFD /* Release */ = {
			isa = XCBuildConfiguration;
			buildSettings = {
				ASSETCATALOG_COMPILER_APPICON_NAME = AppIcon;
				ASSETCATALOG_COMPILER_GLOBAL_ACCENT_COLOR_NAME = AccentColor;
				CODE_SIGN_STYLE = Automatic;
				CURRENT_PROJECT_VERSION = 1;
				DEVELOPMENT_ASSET_PATHS = "\"NeetCode/Preview Content\"";
				ENABLE_PREVIEWS = YES;
				GENERATE_INFOPLIST_FILE = YES;
				INFOPLIST_KEY_UIApplicationSceneManifest_Generation = YES;
				INFOPLIST_KEY_UIApplicationSupportsIndirectInputEvents = YES;
				INFOPLIST_KEY_UILaunchScreen_Generation = YES;
				INFOPLIST_KEY_UISupportedInterfaceOrientations_iPad = "UIInterfaceOrientationPortrait UIInterfaceOrientationPortraitUpsideDown UIInterfaceOrientationLandscapeLeft UIInterfaceOrientationLandscapeRight";
				INFOPLIST_KEY_UISupportedInterfaceOrientations_iPhone = "UIInterfaceOrientationPortrait UIInterfaceOrientationLandscapeLeft UIInterfaceOrientationLandscapeRight";
				LD_RUNPATH_SEARCH_PATHS = (
					"$(inherited)",
					"@executable_path/Frameworks",
				);
				MARKETING_VERSION = 1.0;
				PRODUCT_BUNDLE_IDENTIFIER = com.taichinishimura.NeetCode;
				PRODUCT_NAME = "$(TARGET_NAME)";
				SWIFT_EMIT_LOC_STRINGS = YES;
				SWIFT_VERSION = 5.0;
				TARGETED_DEVICE_FAMILY = "1,2";
			};
			name = Release;
		};
/* End XCBuildConfiguration section */

/* Begin XCConfigurationList section */
		9864ED3C2FE3F07600F0CFFD /* Build configuration list for PBXProject "NeetCode" */ = {
			isa = XCConfigurationList;
			buildConfigurations = (
				9864ED4D2FE3F07700F0CFFD /* Debug */,
				9864ED4E2FE3F07700F0CFFD /* Release */,
			);
			defaultConfigurationIsVisible = 0;
			defaultConfigurationName = Release;
		};
		9864ED4F2FE3F07700F0CFFD /* Build configuration list for PBXNativeTarget "NeetCode" */ = {
			isa = XCConfigurationList;
			buildConfigurations = (
				9864ED502FE3F07700F0CFFD /* Debug */,
				9864ED512FE3F07700F0CFFD /* Release */,
			);
			defaultConfigurationIsVisible = 0;
			defaultConfigurationName = Release;
		};
/* End XCConfigurationList section */
	};
	rootObject = 9864ED392FE3F07600F0CFFD /* Project object */;
}
